
Microsoft Visual Studio Solution File, Format Version 12.00
# Visual Studio Version 16
VisualStudioVersion = 16.0.31112.23
MinimumVisualStudioVersion = 10.0.40219.1
Project("{FAE04EC0-301F-11D3-BF4B-00C04F79EFBC}") = "DDStartProjectBackEnd", "DDStartProjectBackEnd\DDStartProjectBackEnd.csproj", "{A6EE578C-7668-4159-BB7E-6AE697C3882D}"
EndProject
Project("{9A19103F-16F7-4668-BE54-9A1E7A4F7556}") = "AspNetCore.Identity.Dapper", "AspNetCore.Identity.Dapper\AspNetCore.Identity.Dapper.csproj", "{CA0449E3-E302-41DB-A688-0D9B427E4C9B}"
EndProject
Global
	GlobalSection(SolutionConfigurationPlatforms) = preSolution
		Debug|Any CPU = Debug|Any CPU
		Release|Any CPU = Release|Any CPU
	EndGlobalSection
	GlobalSection(ProjectConfigurationPlatforms) = postSolution
		{A6EE578C-7668-4159-BB7E-6AE697C3882D}.Debug|Any CPU.ActiveCfg = Debug|Any CPU
		{A6EE578C-7668-4159-BB7E-6AE697C3882D}.Debug|Any CPU.Build.0 = Debug|Any CPU
		{A6EE578C-7668-4159-BB7E-6AE697C3882D}.Release|Any CPU.ActiveCfg = Release|Any CPU
		{A6EE578C-7668-4159-BB7E-6AE697C3882D}.Release|Any CPU.Build.0 = Release|Any CPU
		{CA0449E3-E302-41DB-A688-0D9B427E4C9B}.Debug|Any CPU.ActiveCfg = Debug|Any CPU
		{CA0449E3-E302-41DB-A688-0D9B427E4C9B}.Debug|Any CPU.Build.0 = Debug|Any CPU
		{CA0449E3-E302-41DB-A688-0D9B427E4C9B}.Release|Any CPU.ActiveCfg = Release|Any CPU
		{CA0449E3-E302-41DB-A688-0D9B427E4C9B}.Release|Any CPU.Build.0 = Release|Any CPU
	EndGlobalSection
	GlobalSection(SolutionProperties) = preSolution
		HideSolutionNode = FALSE
	EndGlobalSection
	GlobalSection(ExtensibilityGlobals) = postSolution
		SolutionGuid = {E5D5273D-2EBB-4372-BE4E-5770AC7E2D50}
	EndGlobalSection
EndGlobal
